// !$*UTF8*$!
{
	archiveVersion = 1;
	classes = {
	};
	objectVersion = 50;
	objects = {

/* Begin PBXBuildFile section */
		C6968CE5265F9573009C7C4B /* AppDelegate.swift in Sources */ = {isa = PBXBuildFile; fileRef = C6968CE4265F9573009C7C4B /* AppDelegate.swift */; };
		C6968CE7265F9573009C7C4B /* SceneDelegate.swift in Sources */ = {isa = PBXBuildFile; fileRef = C6968CE6265F9573009C7C4B /* SceneDelegate.swift */; };
		C6968CE9265F9573009C7C4B /* ViewController.swift in Sources */ = {isa = PBXBuildFile; fileRef = C6968CE8265F9573009C7C4B /* ViewController.swift */; };
		C6968CEC265F9573009C7C4B /* Main.storyboard in Resources */ = {isa = PBXBuildFile; fileRef = C6968CEA265F9573009C7C4B /* Main.storyboard */; };
		C6968CEF265F9573009C7C4B /* mall.xcdatamodeld in Sources */ = {isa = PBXBuildFile; fileRef = C6968CED265F9573009C7C4B /* mall.xcdatamodeld */; };
		C6968CF1265F9577009C7C4B /* Assets.xcassets in Resources */ = {isa = PBXBuildFile; fileRef = C6968CF0265F9577009C7C4B /* Assets.xcassets */; };
		C6968CF4265F9577009C7C4B /* LaunchScreen.storyboard in Resources */ = {isa = PBXBuildFile; fileRef = C6968CF2265F9577009C7C4B /* LaunchScreen.storyboard */; };
		C6968CFF265F9578009C7C4B /* mallTests.swift in Sources */ = {isa = PBXBuildFile; fileRef = C6968CFE265F9578009C7C4B /* mallTests.swift */; };
		C6968D0A265F9578009C7C4B /* mallUITests.swift in Sources */ = {isa = PBXBuildFile; fileRef = C6968D09265F9578009C7C4B /* mallUITests.swift */; };
/* End PBXBuildFile section */

/* Begin PBXContainerItemProxy section */
		C6968CFB265F9577009C7C4B /* PBXContainerItemProxy */ = {
			isa = PBXContainerItemProxy;
			containerPortal = C6968CD9265F9573009C7C4B /* Project object */;
			proxyType = 1;
			remoteGlobalIDString = C6968CE0265F9573009C7C4B;
			remoteInfo = mall;
		};
		C6968D06265F9578009C7C4B /* PBXContainerItemProxy */ = {
			isa = PBXContainerItemProxy;
			containerPortal = C6968CD9265F9573009C7C4B /* Project object */;
			proxyType = 1;
			remoteGlobalIDString = C6968CE0265F9573009C7C4B;
			remoteInfo = mall;
		};
/* End PBXContainerItemProxy section */

/* Begin PBXFileReference section */
		C6968CE1265F9573009C7C4B /* mall.app */ = {isa = PBXFileReference; explicitFileType = wrapper.application; includeInIndex = 0; path = mall.app; sourceTree = BUILT_PRODUCTS_DIR; };
		C6968CE4265F9573009C7C4B /* AppDelegate.swift */ = {isa = PBXFileReference; lastKnownFileType = sourcecode.swift; path = AppDelegate.swift; sourceTree = "<group>"; };
		C6968CE6265F9573009C7C4B /* SceneDelegate.swift */ = {isa = PBXFileReference; lastKnownFileType = sourcecode.swift; path = SceneDelegate.swift; sourceTree = "<group>"; };
		C6968CE8265F9573009C7C4B /* ViewController.swift */ = {isa = PBXFileReference; lastKnownFileType = sourcecode.swift; path = ViewController.swift; sourceTree = "<group>"; };
		C6968CEB265F9573009C7C4B /* Base */ = {isa = PBXFileReference; lastKnownFileType = file.storyboard; name = Base; path = Base.lproj/Main.storyboard; sourceTree = "<group>"; };
		C6968CEE265F9573009C7C4B /* mall.xcdatamodel */ = {isa = PBXFileReference; lastKnownFileType = wrapper.xcdatamodel; path = mall.xcdatamodel; sourceTree = "<group>"; };
		C6968CF0265F9577009C7C4B /* Assets.xcassets */ = {isa = PBXFileReference; lastKnownFileType = folder.assetcatalog; path = Assets.xcassets; sourceTree = "<group>"; };
		C6968CF3265F9577009C7C4B /* Base */ = {isa = PBXFileReference; lastKnownFileType = file.storyboard; name = Base; path = Base.lproj/LaunchScreen.storyboard; sourceTree = "<group>"; };
		C6968CF5265F9577009C7C4B /* Info.plist */ = {isa = PBXFileReference; lastKnownFileType = text.plist.xml; path = Info.plist; sourceTree = "<group>"; };
		C6968CFA265F9577009C7C4B /* mallTests.xctest */ = {isa = PBXFileReference; explicitFileType = wrapper.cfbundle; includeInIndex = 0; path = mallTests.xctest; sourceTree = BUILT_PRODUCTS_DIR; };
		C6968CFE265F9578009C7C4B /* mallTests.swift */ = {isa = PBXFileReference; lastKnownFileType = sourcecode.swift; path = mallTests.swift; sourceTree = "<group>"; };
		C6968D00265F9578009C7C4B /* Info.plist */ = {isa = PBXFileReference; lastKnownFileType = text.plist.xml; path = Info.plist; sourceTree = "<group>"; };
		C6968D05265F9578009C7C4B /* mallUITests.xctest */ = {isa = PBXFileReference; explicitFileType = wrapper.cfbundle; includeInIndex = 0; path = mallUITests.xctest; sourceTree = BUILT_PRODUCTS_DIR; };
		C6968D09265F9578009C7C4B /* mallUITests.swift */ = {isa = PBXFileReference; lastKnownFileType = sourcecode.swift; path = mallUITests.swift; sourceTree = "<group>"; };
		C6968D0B265F9578009C7C4B /* Info.plist */ = {isa = PBXFileReference; lastKnownFileType = text.plist.xml; path = Info.plist; sourceTree = "<group>"; };
/* End PBXFileReference section */

/* Begin PBXFrameworksBuildPhase section */
		C6968CDE265F9573009C7C4B /* Frameworks */ = {
			isa = PBXFrameworksBuildPhase;
			buildActionMask = 2147483647;
			files = (
			);
			runOnlyForDeploymentPostprocessing = 0;
		};
		C6968CF7265F9577009C7C4B /* Frameworks */ = {
			isa = PBXFrameworksBuildPhase;
			buildActionMask = 2147483647;
			files = (
			);
			runOnlyForDeploymentPostprocessing = 0;
		};
		C6968D02265F9578009C7C4B /* Frameworks */ = {
			isa = PBXFrameworksBuildPhase;
			buildActionMask = 2147483647;
			files = (
			);
			runOnlyForDeploymentPostprocessing = 0;
		};
/* End PBXFrameworksBuildPhase section */

/* Begin PBXGroup section */
		C6968CD8265F9573009C7C4B = {
			isa = PBXGroup;
			children = (
				C6968CE3265F9573009C7C4B /* mall */,
				C6968CFD265F9577009C7C4B /* mallTests */,
				C6968D08265F9578009C7C4B /* mallUITests */,
				C6968CE2265F9573009C7C4B /* Products */,
			);
			sourceTree = "<group>";
		};
		C6968CE2265F9573009C7C4B /* Products */ = {
			isa = PBXGroup;
			children = (
				C6968CE1265F9573009C7C4B /* mall.app */,
				C6968CFA265F9577009C7C4B /* mallTests.xctest */,
				C6968D05265F9578009C7C4B /* mallUITests.xctest */,
			);
			name = Products;
			sourceTree = "<group>";
		};
		C6968CE3265F9573009C7C4B /* mall */ = {
			isa = PBXGroup;
			children = (
				C6968CE4265F9573009C7C4B /* AppDelegate.swift */,
				C6968CE6265F9573009C7C4B /* SceneDelegate.swift */,
				C6968CE8265F9573009C7C4B /* ViewController.swift */,
				C6968CEA265F9573009C7C4B /* Main.storyboard */,
				C6968CF0265F9577009C7C4B /* Assets.xcassets */,
				C6968CF2265F9577009C7C4B /* LaunchScreen.storyboard */,
				C6968CF5265F9577009C7C4B /* Info.plist */,
				C6968CED265F9573009C7C4B /* mall.xcdatamodeld */,
			);
			path = mall;
			sourceTree = "<group>";
		};
		C6968CFD265F9577009C7C4B /* mallTests */ = {
			isa = PBXGroup;
			children = (
				C6968CFE265F9578009C7C4B /* mallTests.swift */,
				C6968D00265F9578009C7C4B /* Info.plist */,
			);
			path = mallTests;
			sourceTree = "<group>";
		};
		C6968D08265F9578009C7C4B /* mallUITests */ = {
			isa = PBXGroup;
			children = (
				C6968D09265F9578009C7C4B /* mallUITests.swift */,
				C6968D0B265F9578009C7C4B /* Info.plist */,
			);
			path = mallUITests;
			sourceTree = "<group>";
		};
/* End PBXGroup section */

/* Begin PBXNativeTarget section */
		C6968CE0265F9573009C7C4B /* mall */ = {
			isa = PBXNativeTarget;
			buildConfigurationList = C6968D0E265F9578009C7C4B /* Build configuration list for PBXNativeTarget "mall" */;
			buildPhases = (
				C6968CDD265F9573009C7C4B /* Sources */,
				C6968CDE265F9573009C7C4B /* Frameworks */,
				C6968CDF265F9573009C7C4B /* Resources */,
			);
			buildRules = (
			);
			dependencies = (
			);
			name = mall;
			productName = mall;
			productReference = C6968CE1265F9573009C7C4B /* mall.app */;
			productType = "com.apple.product-type.application";
		};
		C6968CF9265F9577009C7C4B /* mallTests */ = {
			isa = PBXNativeTarget;
			buildConfigurationList = C6968D11265F9578009C7C4B /* Build configuration list for PBXNativeTarget "mallTests" */;
			buildPhases = (
				C6968CF6265F9577009C7C4B /* Sources */,
				C6968CF7265F9577009C7C4B /* Frameworks */,
				C6968CF8265F9577009C7C4B /* Resources */,
			);
			buildRules = (
			);
			dependencies = (
				C6968CFC265F9577009C7C4B /* PBXTargetDependency */,
			);
			name = mallTests;
			productName = mallTests;
			productReference = C6968CFA265F9577009C7C4B /* mallTests.xctest */;
			productType = "com.apple.product-type.bundle.unit-test";
		};
		C6968D04265F9578009C7C4B /* mallUITests */ = {
			isa = PBXNativeTarget;
			buildConfigurationList = C6968D14265F9578009C7C4B /* Build configuration list for PBXNativeTarget "mallUITests" */;
			buildPhases = (
				C6968D01265F9578009C7C4B /* Sources */,
				C6968D02265F9578009C7C4B /* Frameworks */,
				C6968D03265F9578009C7C4B /* Resources */,
			);
			buildRules = (
			);
			dependencies = (
				C6968D07265F9578009C7C4B /* PBXTargetDependency */,
			);
			name = mallUITests;
			productName = mallUITests;
			productReference = C6968D05265F9578009C7C4B /* mallUITests.xctest */;
			productType = "com.apple.product-type.bundle.ui-testing";
		};
/* End PBXNativeTarget section */

/* Begin PBXProject section */
		C6968CD9265F9573009C7C4B /* Project object */ = {
			isa = PBXProject;
			attributes = {
				LastSwiftUpdateCheck = 1220;
				LastUpgradeCheck = 1220;
				TargetAttributes = {
					C6968CE0265F9573009C7C4B = {
						CreatedOnToolsVersion = 12.2;
					};
					C6968CF9265F9577009C7C4B = {
						CreatedOnToolsVersion = 12.2;
						TestTargetID = C6968CE0265F9573009C7C4B;
					};
					C6968D04265F9578009C7C4B = {
						CreatedOnToolsVersion = 12.2;
						TestTargetID = C6968CE0265F9573009C7C4B;
					};
				};
			};
			buildConfigurationList = C6968CDC265F9573009C7C4B /* Build configuration list for PBXProject "mall" */;
			compatibilityVersion = "Xcode 9.3";
			developmentRegion = en;
			hasScannedForEncodings = 0;
			knownRegions = (
				en,
				Base,
			);
			mainGroup = C6968CD8265F9573009C7C4B;
			productRefGroup = C6968CE2265F9573009C7C4B /* Products */;
			projectDirPath = "";
			projectRoot = "";
			targets = (
				C6968CE0265F9573009C7C4B /* mall */,
				C6968CF9265F9577009C7C4B /* mallTests */,
				C6968D04265F9578009C7C4B /* mallUITests */,
			);
		};
/* End PBXProject section */

/* Begin PBXResourcesBuildPhase section */
		C6968CDF265F9573009C7C4B /* Resources */ = {
			isa = PBXResourcesBuildPhase;
			buildActionMask = 2147483647;
			files = (
				C6968CF4265F9577009C7C4B /* LaunchScreen.storyboard in Resources */,
				C6968CF1265F9577009C7C4B /* Assets.xcassets in Resources */,
				C6968CEC265F9573009C7C4B /* Main.storyboard in Resources */,
			);
			runOnlyForDeploymentPostprocessing = 0;
		};
		C6968CF8265F9577009C7C4B /* Resources */ = {
			isa = PBXResourcesBuildPhase;
			buildActionMask = 2147483647;
			files = (
			);
			runOnlyForDeploymentPostprocessing = 0;
		};
		C6968D03265F9578009C7C4B /* Resources */ = {
			isa = PBXResourcesBuildPhase;
			buildActionMask = 2147483647;
			files = (
			);
			runOnlyForDeploymentPostprocessing = 0;
		};
/* End PBXResourcesBuildPhase section */

/* Begin PBXSourcesBuildPhase section */
		C6968CDD265F9573009C7C4B /* Sources */ = {
			isa = PBXSourcesBuildPhase;
			buildActionMask = 2147483647;
			files = (
				C6968CE9265F9573009C7C4B /* ViewController.swift in Sources */,
				C6968CE5265F9573009C7C4B /* AppDelegate.swift in Sources */,
				C6968CE7265F9573009C7C4B /* SceneDelegate.swift in Sources */,
				C6968CEF265F9573009C7C4B /* mall.xcdatamodeld in Sources */,
			);
			runOnlyForDeploymentPostprocessing = 0;
		};
		C6968CF6265F9577009C7C4B /* Sources */ = {
			isa = PBXSourcesBuildPhase;
			buildActionMask = 2147483647;
			files = (
				C6968CFF265F9578009C7C4B /* mallTests.swift in Sources */,
			);
			runOnlyForDeploymentPostprocessing = 0;
		};
		C6968D01265F9578009C7C4B /* Sources */ = {
			isa = PBXSourcesBuildPhase;
			buildActionMask = 2147483647;
			files = (
				C6968D0A265F9578009C7C4B /* mallUITests.swift in Sources */,
			);
			runOnlyForDeploymentPostprocessing = 0;
		};
/* End PBXSourcesBuildPhase section */

/* Begin PBXTargetDependency section */
		C6968CFC265F9577009C7C4B /* PBXTargetDependency */ = {
			isa = PBXTargetDependency;
			target = C6968CE0265F9573009C7C4B /* mall */;
			targetProxy = C6968CFB265F9577009C7C4B /* PBXContainerItemProxy */;
		};
		C6968D07265F9578009C7C4B /* PBXTargetDependency */ = {
			isa = PBXTargetDependency;
			target = C6968CE0265F9573009C7C4B /* mall */;
			targetProxy = C6968D06265F9578009C7C4B /* PBXContainerItemProxy */;
		};
/* End PBXTargetDependency section */

/* Begin PBXVariantGroup section */
		C6968CEA265F9573009C7C4B /* Main.storyboard */ = {
			isa = PBXVariantGroup;
			children = (
				C6968CEB265F9573009C7C4B /* Base */,
			);
			name = Main.storyboard;
			sourceTree = "<group>";
		};
		C6968CF2265F9577009C7C4B /* LaunchScreen.storyboard */ = {
			isa = PBXVariantGroup;
			children = (
				C6968CF3265F9577009C7C4B /* Base */,
			);
			name = LaunchScreen.storyboard;
			sourceTree = "<group>";
		};
/* End PBXVariantGroup section */

/* Begin XCBuildConfiguration section */
		C6968D0C265F9578009C7C4B /* Debug */ = {
			isa = XCBuildConfiguration;
			buildSettings = {
				ALWAYS_SEARCH_USER_PATHS = NO;
				CLANG_ANALYZER_NONNULL = YES;
				CLANG_ANALYZER_NUMBER_OBJECT_CONVERSION = YES_AGGRESSIVE;
				CLANG_CXX_LANGUAGE_STANDARD = "gnu++14";
				CLANG_CXX_LIBRARY = "libc++";
				CLANG_ENABLE_MODULES = YES;
				CLANG_ENABLE_OBJC_ARC = YES;
				CLANG_ENABLE_OBJC_WEAK = YES;
				CLANG_WARN_BLOCK_CAPTURE_AUTORELEASING = YES;
				CLANG_WARN_BOOL_CONVERSION = YES;
				CLANG_WARN_COMMA = YES;
				CLANG_WARN_CONSTANT_CONVERSION = YES;
				CLANG_WARN_DEPRECATED_OBJC_IMPLEMENTATIONS = YES;
				CLANG_WARN_DIRECT_OBJC_ISA_USAGE = YES_ERROR;
				CLANG_WARN_DOCUMENTATION_COMMENTS = YES;
				CLANG_WARN_EMPTY_BODY = YES;
				CLANG_WARN_ENUM_CONVERSION = YES;
				CLANG_WARN_INFINITE_RECURSION = YES;
				CLANG_WARN_INT_CONVERSION = YES;
				CLANG_WARN_NON_LITERAL_NULL_CONVERSION = YES;
				CLANG_WARN_OBJC_IMPLICIT_RETAIN_SELF = YES;
				CLANG_WARN_OBJC_LITERAL_CONVERSION = YES;
				CLANG_WARN_OBJC_ROOT_CLASS = YES_ERROR;
				CLANG_WARN_QUOTED_INCLUDE_IN_FRAMEWORK_HEADER = YES;
				CLANG_WARN_RANGE_LOOP_ANALYSIS = YES;
				CLANG_WARN_STRICT_PROTOTYPES = YES;
				CLANG_WARN_SUSPICIOUS_MOVE = YES;
				CLANG_WARN_UNGUARDED_AVAILABILITY = YES_AGGRESSIVE;
				CLANG_WARN_UNREACHABLE_CODE = YES;
				CLANG_WARN__DUPLICATE_METHOD_MATCH = YES;
				COPY_PHASE_STRIP = NO;
				DEBUG_INFORMATION_FORMAT = dwarf;
				ENABLE_STRICT_OBJC_MSGSEND = YES;
				ENABLE_TESTABILITY = YES;
				GCC_C_LANGUAGE_STANDARD = gnu11;
				GCC_DYNAMIC_NO_PIC = NO;
				GCC_NO_COMMON_BLOCKS = YES;
				GCC_OPTIMIZATION_LEVEL = 0;
				GCC_PREPROCESSOR_DEFINITIONS = (
					"DEBUG=1",
					"$(inherited)",
				);
				GCC_WARN_64_TO_32_BIT_CONVERSION = YES;
				GCC_WARN_ABOUT_RETURN_TYPE = YES_ERROR;
				GCC_WARN_UNDECLARED_SELECTOR = YES;
				GCC_WARN_UNINITIALIZED_AUTOS = YES_AGGRESSIVE;
				GCC_WARN_UNUSED_FUNCTION = YES;
				GCC_WARN_UNUSED_VARIABLE = YES;
				IPHONEOS_DEPLOYMENT_TARGET = 14.2;
				MTL_ENABLE_DEBUG_INFO = INCLUDE_SOURCE;
				MTL_FAST_MATH = YES;
				ONLY_ACTIVE_ARCH = YES;
				SDKROOT = iphoneos;
				SWIFT_ACTIVE_COMPILATION_CONDITIONS = DEBUG;
				SWIFT_OPTIMIZATION_LEVEL = "-Onone";
			};
			name = Debug;
		};
		C6968D0D265F9578009C7C4B /* Release */ = {
			isa = XCBuildConfiguration;
			buildSettings = {
				ALWAYS_SEARCH_USER_PATHS = NO;
				CLANG_ANALYZER_NONNULL = YES;
				CLANG_ANALYZER_NUMBER_OBJECT_CONVERSION = YES_AGGRESSIVE;
				CLANG_CXX_LANGUAGE_STANDARD = "gnu++14";
				CLANG_CXX_LIBRARY = "libc++";
				CLANG_ENABLE_MODULES = YES;
				CLANG_ENABLE_OBJC_ARC = YES;
				CLANG_ENABLE_OBJC_WEAK = YES;
				CLANG_WARN_BLOCK_CAPTURE_AUTORELEASING = YES;
				CLANG_WARN_BOOL_CONVERSION = YES;
				CLANG_WARN_COMMA = YES;
				CLANG_WARN_CONSTANT_CONVERSION = YES;
				CLANG_WARN_DEPRECATED_OBJC_IMPLEMENTATIONS = YES;
				CLANG_WARN_DIRECT_OBJC_ISA_USAGE = YES_ERROR;
				CLANG_WARN_DOCUMENTATION_COMMENTS = YES;
				CLANG_WARN_EMPTY_BODY = YES;
				CLANG_WARN_ENUM_CONVERSION = YES;
				CLANG_WARN_INFINITE_RECURSION = YES;
				CLANG_WARN_INT_CONVERSION = YES;
				CLANG_WARN_NON_LITERAL_NULL_CONVERSION = YES;
				CLANG_WARN_OBJC_IMPLICIT_RETAIN_SELF = YES;
				CLANG_WARN_OBJC_LITERAL_CONVERSION = YES;
				CLANG_WARN_OBJC_ROOT_CLASS = YES_ERROR;
				CLANG_WARN_QUOTED_INCLUDE_IN_FRAMEWORK_HEADER = YES;
				CLANG_WARN_RANGE_LOOP_ANALYSIS = YES;
				CLANG_WARN_STRICT_PROTOTYPES = YES;
				CLANG_WARN_SUSPICIOUS_MOVE = YES;
				CLANG_WARN_UNGUARDED_AVAILABILITY = YES_AGGRESSIVE;
				CLANG_WARN_UNREACHABLE_CODE = YES;
				CLANG_WARN__DUPLICATE_METHOD_MATCH = YES;
				COPY_PHASE_STRIP = NO;
				DEBUG_INFORMATION_FORMAT = "dwarf-with-dsym";
				ENABLE_NS_ASSERTIONS = NO;
				ENABLE_STRICT_OBJC_MSGSEND = YES;
				GCC_C_LANGUAGE_STANDARD = gnu11;
				GCC_NO_COMMON_BLOCKS = YES;
				GCC_WARN_64_TO_32_BIT_CONVERSION = YES;
				GCC_WARN_ABOUT_RETURN_TYPE = YES_ERROR;
				GCC_WARN_UNDECLARED_SELECTOR = YES;
				GCC_WARN_UNINITIALIZED_AUTOS = YES_AGGRESSIVE;
				GCC_WARN_UNUSED_FUNCTION = YES;
				GCC_WARN_UNUSED_VARIABLE = YES;
				IPHONEOS_DEPLOYMENT_TARGET = 14.2;
				MTL_ENABLE_DEBUG_INFO = NO;
				MTL_FAST_MATH = YES;
				SDKROOT = iphoneos;
				SWIFT_COMPILATION_MODE = wholemodule;
				SWIFT_OPTIMIZATION_LEVEL = "-O";
				VALIDATE_PRODUCT = YES;
			};
			name = Release;
		};
		C6968D0F265F9578009C7C4B /* Debug */ = {
			isa = XCBuildConfiguration;
			buildSettings = {
				ASSETCATALOG_COMPILER_APPICON_NAME = AppIcon;
				ASSETCATALOG_COMPILER_GLOBAL_ACCENT_COLOR_NAME = AccentColor;
				CODE_SIGN_STYLE = Automatic;
				DEVELOPMENT_TEAM = FUB3CAVM32;
				INFOPLIST_FILE = mall/Info.plist;
				LD_RUNPATH_SEARCH_PATHS = (
					"$(inherited)",
					"@executable_path/Frameworks",
				);
				PRODUCT_BUNDLE_IDENTIFIER = beijingliling.mall;
				PRODUCT_NAME = "$(TARGET_NAME)";
				SWIFT_VERSION = 5.0;
				TARGETED_DEVICE_FAMILY = "1,2";
			};
			name = Debug;
		};
		C6968D10265F9578009C7C4B /* Release */ = {
			isa = XCBuildConfiguration;
			buildSettings = {
				ASSETCATALOG_COMPILER_APPICON_NAME = AppIcon;
				ASSETCATALOG_COMPILER_GLOBAL_ACCENT_COLOR_NAME = AccentColor;
				CODE_SIGN_STYLE = Automatic;
				DEVELOPMENT_TEAM = FUB3CAVM32;
				INFOPLIST_FILE = mall/Info.plist;
				LD_RUNPATH_SEARCH_PATHS = (
					"$(inherited)",
					"@executable_path/Frameworks",
				);
				PRODUCT_BUNDLE_IDENTIFIER = beijingliling.mall;
				PRODUCT_NAME = "$(TARGET_NAME)";
				SWIFT_VERSION = 5.0;
				TARGETED_DEVICE_FAMILY = "1,2";
			};
			name = Release;
		};
		C6968D12265F9578009C7C4B /* Debug */ = {
			isa = XCBuildConfiguration;
			buildSettings = {
				ALWAYS_EMBED_SWIFT_STANDARD_LIBRARIES = YES;
				BUNDLE_LOADER = "$(TEST_HOST)";
				CODE_SIGN_STYLE = Automatic;
				DEVELOPMENT_TEAM = FUB3CAVM32;
				INFOPLIST_FILE = mallTests/Info.plist;
				IPHONEOS_DEPLOYMENT_TARGET = 14.2;
				LD_RUNPATH_SEARCH_PATHS = (
					"$(inherited)",
					"@executable_path/Frameworks",
					"@loader_path/Frameworks",
				);
				PRODUCT_BUNDLE_IDENTIFIER = beijingliling.mallTests;
				PRODUCT_NAME = "$(TARGET_NAME)";
				SWIFT_VERSION = 5.0;
				TARGETED_DEVICE_FAMILY = "1,2";
				TEST_HOST = "$(BUILT_PRODUCTS_DIR)/mall.app/mall";
			};
			name = Debug;
		};
		C6968D13265F9578009C7C4B /* Release */ = {
			isa = XCBuildConfiguration;
			buildSettings = {
				ALWAYS_EMBED_SWIFT_STANDARD_LIBRARIES = YES;
				BUNDLE_LOADER = "$(TEST_HOST)";
				CODE_SIGN_STYLE = Automatic;
				DEVELOPMENT_TEAM = FUB3CAVM32;
				INFOPLIST_FILE = mallTests/Info.plist;
				IPHONEOS_DEPLOYMENT_TARGET = 14.2;
				LD_RUNPATH_SEARCH_PATHS = (
					"$(inherited)",
					"@executable_path/Frameworks",
					"@loader_path/Frameworks",
				);
				PRODUCT_BUNDLE_IDENTIFIER = beijingliling.mallTests;
				PRODUCT_NAME = "$(TARGET_NAME)";
				SWIFT_VERSION = 5.0;
				TARGETED_DEVICE_FAMILY = "1,2";
				TEST_HOST = "$(BUILT_PRODUCTS_DIR)/mall.app/mall";
			};
			name = Release;
		};
		C6968D15265F9578009C7C4B /* Debug */ = {
			isa = XCBuildConfiguration;
			buildSettings = {
				ALWAYS_EMBED_SWIFT_STANDARD_LIBRARIES = YES;
				CODE_SIGN_STYLE = Automatic;
				DEVELOPMENT_TEAM = FUB3CAVM32;
				INFOPLIST_FILE = mallUITests/Info.plist;
				LD_RUNPATH_SEARCH_PATHS = (
					"$(inherited)",
					"@executable_path/Frameworks",
					"@loader_path/Frameworks",
				);
				PRODUCT_BUNDLE_IDENTIFIER = beijingliling.mallUITests;
				PRODUCT_NAME = "$(TARGET_NAME)";
				SWIFT_VERSION = 5.0;
				TARGETED_DEVICE_FAMILY = "1,2";
				TEST_TARGET_NAME = mall;
			};
			name = Debug;
		};
		C6968D16265F9578009C7C4B /* Release */ = {
			isa = XCBuildConfiguration;
			buildSettings = {
				ALWAYS_EMBED_SWIFT_STANDARD_LIBRARIES = YES;
				CODE_SIGN_STYLE = Automatic;
				DEVELOPMENT_TEAM = FUB3CAVM32;
				INFOPLIST_FILE = mallUITests/Info.plist;
				LD_RUNPATH_SEARCH_PATHS = (
					"$(inherited)",
					"@executable_path/Frameworks",
					"@loader_path/Frameworks",
				);
				PRODUCT_BUNDLE_IDENTIFIER = beijingliling.mallUITests;
				PRODUCT_NAME = "$(TARGET_NAME)";
				SWIFT_VERSION = 5.0;
				TARGETED_DEVICE_FAMILY = "1,2";
				TEST_TARGET_NAME = mall;
			};
			name = Release;
		};
/* End XCBuildConfiguration section */

/* Begin XCConfigurationList section */
		C6968CDC265F9573009C7C4B /* Build configuration list for PBXProject "mall" */ = {
			isa = XCConfigurationList;
			buildConfigurations = (
				C6968D0C265F9578009C7C4B /* Debug */,
				C6968D0D265F9578009C7C4B /* Release */,
			);
			defaultConfigurationIsVisible = 0;
			defaultConfigurationName = Release;
		};
		C6968D0E265F9578009C7C4B /* Build configuration list for PBXNativeTarget "mall" */ = {
			isa = XCConfigurationList;
			buildConfigurations = (
				C6968D0F265F9578009C7C4B /* Debug */,
				C6968D10265F9578009C7C4B /* Release */,
			);
			defaultConfigurationIsVisible = 0;
			defaultConfigurationName = Release;
		};
		C6968D11265F9578009C7C4B /* Build configuration list for PBXNativeTarget "mallTests" */ = {
			isa = XCConfigurationList;
			buildConfigurations = (
				C6968D12265F9578009C7C4B /* Debug */,
				C6968D13265F9578009C7C4B /* Release */,
			);
			defaultConfigurationIsVisible = 0;
			defaultConfigurationName = Release;
		};
		C6968D14265F9578009C7C4B /* Build configuration list for PBXNativeTarget "mallUITests" */ = {
			isa = XCConfigurationList;
			buildConfigurations = (
				C6968D15265F9578009C7C4B /* Debug */,
				C6968D16265F9578009C7C4B /* Release */,
			);
			defaultConfigurationIsVisible = 0;
			defaultConfigurationName = Release;
		};
/* End XCConfigurationList section */

/* Begin XCVersionGroup section */
		C6968CED265F9573009C7C4B /* mall.xcdatamodeld */ = {
			isa = XCVersionGroup;
			children = (
				C6968CEE265F9573009C7C4B /* mall.xcdatamodel */,
			);
			currentVersion = C6968CEE265F9573009C7C4B /* mall.xcdatamodel */;
			path = mall.xcdatamodeld;
			sourceTree = "<group>";
			versionGroupType = wrapper.xcdatamodel;
		};
/* End XCVersionGroup section */
	};
	rootObject = C6968CD9265F9573009C7C4B /* Project object */;
}
